
Microsoft Visual Studio Solution File, Format Version 12.00
# Visual Studio Version 16
VisualStudioVersion = 16.0.29230.47
MinimumVisualStudioVersion = 10.0.40219.1
Project("{FAE04EC0-301F-11D3-BF4B-00C04F79EFBC}") = "Ternário Ex 01 Lista 08", "Ternário Ex 01 Lista 08\Ternário Ex 01 Lista 08.csproj", "{5B954580-F7A3-4ECC-8F5E-ECB7B2045FD4}"
EndProject
Global
	GlobalSection(SolutionConfigurationPlatforms) = preSolution
		Debug|Any CPU = Debug|Any CPU
		Release|Any CPU = Release|Any CPU
	EndGlobalSection
	GlobalSection(ProjectConfigurationPlatforms) = postSolution
		{5B954580-F7A3-4ECC-8F5E-ECB7B2045FD4}.Debug|Any CPU.ActiveCfg = Debug|Any CPU
		{5B954580-F7A3-4ECC-8F5E-ECB7B2045FD4}.Debug|Any CPU.Build.0 = Debug|Any CPU
		{5B954580-F7A3-4ECC-8F5E-ECB7B2045FD4}.Release|Any CPU.ActiveCfg = Release|Any CPU
		{5B954580-F7A3-4ECC-8F5E-ECB7B2045FD4}.Release|Any CPU.Build.0 = Release|Any CPU
	EndGlobalSection
	GlobalSection(SolutionProperties) = preSolution
		HideSolutionNode = FALSE
	EndGlobalSection
	GlobalSection(ExtensibilityGlobals) = postSolution
		SolutionGuid = {F2BBE0D7-BAB5-47D2-8CC1-CF8E5E1ED4EF}
	EndGlobalSection
EndGlobal
