
Microsoft Visual Studio Solution File, Format Version 12.00
# Visual Studio Version 16
VisualStudioVersion = 16.0.29230.47
MinimumVisualStudioVersion = 10.0.40219.1
Project("{FAE04EC0-301F-11D3-BF4B-00C04F79EFBC}") = "À vista ou Parcelado Ex 03 Lista 07", "À vista ou Parcelado Ex 03 Lista 07\À vista ou Parcelado Ex 03 Lista 07.csproj", "{D5A01E19-6F5E-4AB6-9514-EDBB68785182}"
EndProject
Global
	GlobalSection(SolutionConfigurationPlatforms) = preSolution
		Debug|Any CPU = Debug|Any CPU
		Release|Any CPU = Release|Any CPU
	EndGlobalSection
	GlobalSection(ProjectConfigurationPlatforms) = postSolution
		{D5A01E19-6F5E-4AB6-9514-EDBB68785182}.Debug|Any CPU.ActiveCfg = Debug|Any CPU
		{D5A01E19-6F5E-4AB6-9514-EDBB68785182}.Debug|Any CPU.Build.0 = Debug|Any CPU
		{D5A01E19-6F5E-4AB6-9514-EDBB68785182}.Release|Any CPU.ActiveCfg = Release|Any CPU
		{D5A01E19-6F5E-4AB6-9514-EDBB68785182}.Release|Any CPU.Build.0 = Release|Any CPU
	EndGlobalSection
	GlobalSection(SolutionProperties) = preSolution
		HideSolutionNode = FALSE
	EndGlobalSection
	GlobalSection(ExtensibilityGlobals) = postSolution
		SolutionGuid = {E90C6F4A-B349-49D1-9B68-8A8FEEA30C60}
	EndGlobalSection
EndGlobal
