
Microsoft Visual Studio Solution File, Format Version 12.00
# Visual Studio Version 16
VisualStudioVersion = 16.0.29230.47
MinimumVisualStudioVersion = 10.0.40219.1
Project("{FAE04EC0-301F-11D3-BF4B-00C04F79EFBC}") = "Conceito do Aluno Ex 04 Lista 07", "Conceito do Aluno Ex 04 Lista 07\Conceito do Aluno Ex 04 Lista 07.csproj", "{A2C2AFAB-2C5F-4324-8C6F-E948F7FBB782}"
EndProject
Global
	GlobalSection(SolutionConfigurationPlatforms) = preSolution
		Debug|Any CPU = Debug|Any CPU
		Release|Any CPU = Release|Any CPU
	EndGlobalSection
	GlobalSection(ProjectConfigurationPlatforms) = postSolution
		{A2C2AFAB-2C5F-4324-8C6F-E948F7FBB782}.Debug|Any CPU.ActiveCfg = Debug|Any CPU
		{A2C2AFAB-2C5F-4324-8C6F-E948F7FBB782}.Debug|Any CPU.Build.0 = Debug|Any CPU
		{A2C2AFAB-2C5F-4324-8C6F-E948F7FBB782}.Release|Any CPU.ActiveCfg = Release|Any CPU
		{A2C2AFAB-2C5F-4324-8C6F-E948F7FBB782}.Release|Any CPU.Build.0 = Release|Any CPU
	EndGlobalSection
	GlobalSection(SolutionProperties) = preSolution
		HideSolutionNode = FALSE
	EndGlobalSection
	GlobalSection(ExtensibilityGlobals) = postSolution
		SolutionGuid = {4A8A13A0-A72A-4411-99BD-5BEB00F89A1A}
	EndGlobalSection
EndGlobal
