
Microsoft Visual Studio Solution File, Format Version 12.00
# Visual Studio Version 16
VisualStudioVersion = 16.0.29230.47
MinimumVisualStudioVersion = 10.0.40219.1
Project("{FAE04EC0-301F-11D3-BF4B-00C04F79EFBC}") = "Ternário Ex 04 Lista 08", "Ternário Ex 04 Lista 08\Ternário Ex 04 Lista 08.csproj", "{CF740931-1BE0-4FFB-B6FD-DD98C5D1C41E}"
EndProject
Global
	GlobalSection(SolutionConfigurationPlatforms) = preSolution
		Debug|Any CPU = Debug|Any CPU
		Release|Any CPU = Release|Any CPU
	EndGlobalSection
	GlobalSection(ProjectConfigurationPlatforms) = postSolution
		{CF740931-1BE0-4FFB-B6FD-DD98C5D1C41E}.Debug|Any CPU.ActiveCfg = Debug|Any CPU
		{CF740931-1BE0-4FFB-B6FD-DD98C5D1C41E}.Debug|Any CPU.Build.0 = Debug|Any CPU
		{CF740931-1BE0-4FFB-B6FD-DD98C5D1C41E}.Release|Any CPU.ActiveCfg = Release|Any CPU
		{CF740931-1BE0-4FFB-B6FD-DD98C5D1C41E}.Release|Any CPU.Build.0 = Release|Any CPU
	EndGlobalSection
	GlobalSection(SolutionProperties) = preSolution
		HideSolutionNode = FALSE
	EndGlobalSection
	GlobalSection(ExtensibilityGlobals) = postSolution
		SolutionGuid = {0C924009-2A90-4EEC-9690-98EB662D64E0}
	EndGlobalSection
EndGlobal
