
Microsoft Visual Studio Solution File, Format Version 12.00
# Visual Studio Version 16
VisualStudioVersion = 16.0.29230.47
MinimumVisualStudioVersion = 10.0.40219.1
Project("{FAE04EC0-301F-11D3-BF4B-00C04F79EFBC}") = "Projeto Final PC", "Projeto Final PC\Projeto Final PC.csproj", "{27126C4E-2806-4A21-8F1D-ABBEC25FA0DF}"
EndProject
Global
	GlobalSection(SolutionConfigurationPlatforms) = preSolution
		Debug|Any CPU = Debug|Any CPU
		Release|Any CPU = Release|Any CPU
	EndGlobalSection
	GlobalSection(ProjectConfigurationPlatforms) = postSolution
		{27126C4E-2806-4A21-8F1D-ABBEC25FA0DF}.Debug|Any CPU.ActiveCfg = Debug|Any CPU
		{27126C4E-2806-4A21-8F1D-ABBEC25FA0DF}.Debug|Any CPU.Build.0 = Debug|Any CPU
		{27126C4E-2806-4A21-8F1D-ABBEC25FA0DF}.Release|Any CPU.ActiveCfg = Release|Any CPU
		{27126C4E-2806-4A21-8F1D-ABBEC25FA0DF}.Release|Any CPU.Build.0 = Release|Any CPU
	EndGlobalSection
	GlobalSection(SolutionProperties) = preSolution
		HideSolutionNode = FALSE
	EndGlobalSection
	GlobalSection(ExtensibilityGlobals) = postSolution
		SolutionGuid = {76300522-E062-49AD-84BD-7484EF45396D}
	EndGlobalSection
EndGlobal
