
Microsoft Visual Studio Solution File, Format Version 12.00
# Visual Studio Version 16
VisualStudioVersion = 16.0.29230.47
MinimumVisualStudioVersion = 10.0.40219.1
Project("{FAE04EC0-301F-11D3-BF4B-00C04F79EFBC}") = "Ex 06 Lista 04 Depósito e Rendimento", "Ex 06 Lista 04 Depósito e Rendimento\Ex 06 Lista 04 Depósito e Rendimento.csproj", "{4318FAC0-9416-4A16-AB45-E0C53F1F0942}"
EndProject
Global
	GlobalSection(SolutionConfigurationPlatforms) = preSolution
		Debug|Any CPU = Debug|Any CPU
		Release|Any CPU = Release|Any CPU
	EndGlobalSection
	GlobalSection(ProjectConfigurationPlatforms) = postSolution
		{4318FAC0-9416-4A16-AB45-E0C53F1F0942}.Debug|Any CPU.ActiveCfg = Debug|Any CPU
		{4318FAC0-9416-4A16-AB45-E0C53F1F0942}.Debug|Any CPU.Build.0 = Debug|Any CPU
		{4318FAC0-9416-4A16-AB45-E0C53F1F0942}.Release|Any CPU.ActiveCfg = Release|Any CPU
		{4318FAC0-9416-4A16-AB45-E0C53F1F0942}.Release|Any CPU.Build.0 = Release|Any CPU
	EndGlobalSection
	GlobalSection(SolutionProperties) = preSolution
		HideSolutionNode = FALSE
	EndGlobalSection
	GlobalSection(ExtensibilityGlobals) = postSolution
		SolutionGuid = {2D4E9DDF-0A89-49F7-B52A-0D1F14775BCD}
	EndGlobalSection
EndGlobal
