
Microsoft Visual Studio Solution File, Format Version 12.00
# Visual Studio Version 16
VisualStudioVersion = 16.0.29230.47
MinimumVisualStudioVersion = 10.0.40219.1
Project("{FAE04EC0-301F-11D3-BF4B-00C04F79EFBC}") = "Ex 04 Lista 05 Crédito ESPECIAL", "Ex 04 Lista 05 Crédito ESPECIAL\Ex 04 Lista 05 Crédito ESPECIAL.csproj", "{5716B39B-DD3E-4926-BEE0-5B67A3D898B7}"
EndProject
Global
	GlobalSection(SolutionConfigurationPlatforms) = preSolution
		Debug|Any CPU = Debug|Any CPU
		Release|Any CPU = Release|Any CPU
	EndGlobalSection
	GlobalSection(ProjectConfigurationPlatforms) = postSolution
		{5716B39B-DD3E-4926-BEE0-5B67A3D898B7}.Debug|Any CPU.ActiveCfg = Debug|Any CPU
		{5716B39B-DD3E-4926-BEE0-5B67A3D898B7}.Debug|Any CPU.Build.0 = Debug|Any CPU
		{5716B39B-DD3E-4926-BEE0-5B67A3D898B7}.Release|Any CPU.ActiveCfg = Release|Any CPU
		{5716B39B-DD3E-4926-BEE0-5B67A3D898B7}.Release|Any CPU.Build.0 = Release|Any CPU
	EndGlobalSection
	GlobalSection(SolutionProperties) = preSolution
		HideSolutionNode = FALSE
	EndGlobalSection
	GlobalSection(ExtensibilityGlobals) = postSolution
		SolutionGuid = {2381CE7E-0BD7-4250-BF34-B43C1BA36108}
	EndGlobalSection
EndGlobal
