
Microsoft Visual Studio Solution File, Format Version 12.00
# Visual Studio Version 16
VisualStudioVersion = 16.0.29230.47
MinimumVisualStudioVersion = 10.0.40219.1
Project("{FAE04EC0-301F-11D3-BF4B-00C04F79EFBC}") = "DESAFIO Ex 05 Lista 07", "DESAFIO Ex 05 Lista 07\DESAFIO Ex 05 Lista 07.csproj", "{FA6122A0-936A-4C1D-9C4F-7E9C21B4020D}"
EndProject
Global
	GlobalSection(SolutionConfigurationPlatforms) = preSolution
		Debug|Any CPU = Debug|Any CPU
		Release|Any CPU = Release|Any CPU
	EndGlobalSection
	GlobalSection(ProjectConfigurationPlatforms) = postSolution
		{FA6122A0-936A-4C1D-9C4F-7E9C21B4020D}.Debug|Any CPU.ActiveCfg = Debug|Any CPU
		{FA6122A0-936A-4C1D-9C4F-7E9C21B4020D}.Debug|Any CPU.Build.0 = Debug|Any CPU
		{FA6122A0-936A-4C1D-9C4F-7E9C21B4020D}.Release|Any CPU.ActiveCfg = Release|Any CPU
		{FA6122A0-936A-4C1D-9C4F-7E9C21B4020D}.Release|Any CPU.Build.0 = Release|Any CPU
	EndGlobalSection
	GlobalSection(SolutionProperties) = preSolution
		HideSolutionNode = FALSE
	EndGlobalSection
	GlobalSection(ExtensibilityGlobals) = postSolution
		SolutionGuid = {9CF95874-C58D-4709-B49F-7B3BA3ADDB53}
	EndGlobalSection
EndGlobal
