
Microsoft Visual Studio Solution File, Format Version 12.00
# Visual Studio Version 16
VisualStudioVersion = 16.0.29230.47
MinimumVisualStudioVersion = 10.0.40219.1
Project("{FAE04EC0-301F-11D3-BF4B-00C04F79EFBC}") = "Lista 09", "Lista 09\Lista 09.csproj", "{49AD19A4-5898-4343-9D39-952CC12D4ACD}"
EndProject
Global
	GlobalSection(SolutionConfigurationPlatforms) = preSolution
		Debug|Any CPU = Debug|Any CPU
		Release|Any CPU = Release|Any CPU
	EndGlobalSection
	GlobalSection(ProjectConfigurationPlatforms) = postSolution
		{49AD19A4-5898-4343-9D39-952CC12D4ACD}.Debug|Any CPU.ActiveCfg = Debug|Any CPU
		{49AD19A4-5898-4343-9D39-952CC12D4ACD}.Debug|Any CPU.Build.0 = Debug|Any CPU
		{49AD19A4-5898-4343-9D39-952CC12D4ACD}.Release|Any CPU.ActiveCfg = Release|Any CPU
		{49AD19A4-5898-4343-9D39-952CC12D4ACD}.Release|Any CPU.Build.0 = Release|Any CPU
	EndGlobalSection
	GlobalSection(SolutionProperties) = preSolution
		HideSolutionNode = FALSE
	EndGlobalSection
	GlobalSection(ExtensibilityGlobals) = postSolution
		SolutionGuid = {8DA58BFE-D998-42E3-8745-F3778A9F91D0}
	EndGlobalSection
EndGlobal
