
Microsoft Visual Studio Solution File, Format Version 12.00
# Visual Studio Version 16
VisualStudioVersion = 16.0.29230.47
MinimumVisualStudioVersion = 10.0.40219.1
Project("{FAE04EC0-301F-11D3-BF4B-00C04F79EFBC}") = "Classe eleitoral Ex 01 Lista 06", "Classe eleitoral Ex 01 Lista 06\Classe eleitoral Ex 01 Lista 06.csproj", "{D47C1D25-F1E0-4F48-854C-4688A7E799DE}"
EndProject
Global
	GlobalSection(SolutionConfigurationPlatforms) = preSolution
		Debug|Any CPU = Debug|Any CPU
		Release|Any CPU = Release|Any CPU
	EndGlobalSection
	GlobalSection(ProjectConfigurationPlatforms) = postSolution
		{D47C1D25-F1E0-4F48-854C-4688A7E799DE}.Debug|Any CPU.ActiveCfg = Debug|Any CPU
		{D47C1D25-F1E0-4F48-854C-4688A7E799DE}.Debug|Any CPU.Build.0 = Debug|Any CPU
		{D47C1D25-F1E0-4F48-854C-4688A7E799DE}.Release|Any CPU.ActiveCfg = Release|Any CPU
		{D47C1D25-F1E0-4F48-854C-4688A7E799DE}.Release|Any CPU.Build.0 = Release|Any CPU
	EndGlobalSection
	GlobalSection(SolutionProperties) = preSolution
		HideSolutionNode = FALSE
	EndGlobalSection
	GlobalSection(ExtensibilityGlobals) = postSolution
		SolutionGuid = {7095AFA0-80DC-4288-84C8-DD83701BF0CF}
	EndGlobalSection
EndGlobal
