
Microsoft Visual Studio Solution File, Format Version 12.00
# Visual Studio Version 16
VisualStudioVersion = 16.0.29230.47
MinimumVisualStudioVersion = 10.0.40219.1
Project("{FAE04EC0-301F-11D3-BF4B-00C04F79EFBC}") = "Switch Lista 11", "Switch Lista 11\Switch Lista 11.csproj", "{86ED6416-E7F8-4BF3-B9F8-C77B1558FB3D}"
EndProject
Global
	GlobalSection(SolutionConfigurationPlatforms) = preSolution
		Debug|Any CPU = Debug|Any CPU
		Release|Any CPU = Release|Any CPU
	EndGlobalSection
	GlobalSection(ProjectConfigurationPlatforms) = postSolution
		{86ED6416-E7F8-4BF3-B9F8-C77B1558FB3D}.Debug|Any CPU.ActiveCfg = Debug|Any CPU
		{86ED6416-E7F8-4BF3-B9F8-C77B1558FB3D}.Debug|Any CPU.Build.0 = Debug|Any CPU
		{86ED6416-E7F8-4BF3-B9F8-C77B1558FB3D}.Release|Any CPU.ActiveCfg = Release|Any CPU
		{86ED6416-E7F8-4BF3-B9F8-C77B1558FB3D}.Release|Any CPU.Build.0 = Release|Any CPU
	EndGlobalSection
	GlobalSection(SolutionProperties) = preSolution
		HideSolutionNode = FALSE
	EndGlobalSection
	GlobalSection(ExtensibilityGlobals) = postSolution
		SolutionGuid = {F9A096DE-5441-4DD0-BB3B-37E633EC1FFF}
	EndGlobalSection
EndGlobal
