
Microsoft Visual Studio Solution File, Format Version 12.00
# Visual Studio Version 16
VisualStudioVersion = 16.0.29230.47
MinimumVisualStudioVersion = 10.0.40219.1
Project("{FAE04EC0-301F-11D3-BF4B-00C04F79EFBC}") = "Switch Ex 08 Lista 08", "Switch Ex 08 Lista 08\Switch Ex 08 Lista 08.csproj", "{A73B9A72-788E-48BB-B3DA-C45D11FE5FAD}"
EndProject
Global
	GlobalSection(SolutionConfigurationPlatforms) = preSolution
		Debug|Any CPU = Debug|Any CPU
		Release|Any CPU = Release|Any CPU
	EndGlobalSection
	GlobalSection(ProjectConfigurationPlatforms) = postSolution
		{A73B9A72-788E-48BB-B3DA-C45D11FE5FAD}.Debug|Any CPU.ActiveCfg = Debug|Any CPU
		{A73B9A72-788E-48BB-B3DA-C45D11FE5FAD}.Debug|Any CPU.Build.0 = Debug|Any CPU
		{A73B9A72-788E-48BB-B3DA-C45D11FE5FAD}.Release|Any CPU.ActiveCfg = Release|Any CPU
		{A73B9A72-788E-48BB-B3DA-C45D11FE5FAD}.Release|Any CPU.Build.0 = Release|Any CPU
	EndGlobalSection
	GlobalSection(SolutionProperties) = preSolution
		HideSolutionNode = FALSE
	EndGlobalSection
	GlobalSection(ExtensibilityGlobals) = postSolution
		SolutionGuid = {D4A8E462-2351-4B0B-AF4C-C718510E12E4}
	EndGlobalSection
EndGlobal
