
Microsoft Visual Studio Solution File, Format Version 12.00
# Visual Studio Version 16
VisualStudioVersion = 16.0.29230.47
MinimumVisualStudioVersion = 10.0.40219.1
Project("{FAE04EC0-301F-11D3-BF4B-00C04F79EFBC}") = "Ex 02 Lista 09", "Ex 02 Lista 09\Ex 02 Lista 09.csproj", "{AAE43BE1-1004-4743-A998-28E72F8E660E}"
EndProject
Global
	GlobalSection(SolutionConfigurationPlatforms) = preSolution
		Debug|Any CPU = Debug|Any CPU
		Release|Any CPU = Release|Any CPU
	EndGlobalSection
	GlobalSection(ProjectConfigurationPlatforms) = postSolution
		{AAE43BE1-1004-4743-A998-28E72F8E660E}.Debug|Any CPU.ActiveCfg = Debug|Any CPU
		{AAE43BE1-1004-4743-A998-28E72F8E660E}.Debug|Any CPU.Build.0 = Debug|Any CPU
		{AAE43BE1-1004-4743-A998-28E72F8E660E}.Release|Any CPU.ActiveCfg = Release|Any CPU
		{AAE43BE1-1004-4743-A998-28E72F8E660E}.Release|Any CPU.Build.0 = Release|Any CPU
	EndGlobalSection
	GlobalSection(SolutionProperties) = preSolution
		HideSolutionNode = FALSE
	EndGlobalSection
	GlobalSection(ExtensibilityGlobals) = postSolution
		SolutionGuid = {512D70B6-C201-4C75-9FC6-80C8DD1A939C}
	EndGlobalSection
EndGlobal
