
Microsoft Visual Studio Solution File, Format Version 12.00
# Visual Studio Version 16
VisualStudioVersion = 16.0.29230.47
MinimumVisualStudioVersion = 10.0.40219.1
Project("{FAE04EC0-301F-11D3-BF4B-00C04F79EFBC}") = "Aula_Array_Inteiros", "Aula_Array_Inteiros\Aula_Array_Inteiros.csproj", "{2F00959A-B15C-48AC-8D58-278E5C73B57B}"
EndProject
Global
	GlobalSection(SolutionConfigurationPlatforms) = preSolution
		Debug|Any CPU = Debug|Any CPU
		Release|Any CPU = Release|Any CPU
	EndGlobalSection
	GlobalSection(ProjectConfigurationPlatforms) = postSolution
		{2F00959A-B15C-48AC-8D58-278E5C73B57B}.Debug|Any CPU.ActiveCfg = Debug|Any CPU
		{2F00959A-B15C-48AC-8D58-278E5C73B57B}.Debug|Any CPU.Build.0 = Debug|Any CPU
		{2F00959A-B15C-48AC-8D58-278E5C73B57B}.Release|Any CPU.ActiveCfg = Release|Any CPU
		{2F00959A-B15C-48AC-8D58-278E5C73B57B}.Release|Any CPU.Build.0 = Release|Any CPU
	EndGlobalSection
	GlobalSection(SolutionProperties) = preSolution
		HideSolutionNode = FALSE
	EndGlobalSection
	GlobalSection(ExtensibilityGlobals) = postSolution
		SolutionGuid = {49C4BBD1-6939-484D-BEB8-E32B1D7A125A}
	EndGlobalSection
EndGlobal
